// !$*UTF8*$!
{
	archiveVersion = 1;
	classes = {
	};
	objectVersion = 46;
	objects = {

/* Begin PBXBuildFile section */
		262F961C19CD33CA0000D886 /* main.m in Sources */ = {isa = PBXBuildFile; fileRef = 262F961B19CD33CA0000D886 /* main.m */; };
		262F961F19CD33CA0000D886 /* AppDelegate.m in Sources */ = {isa = PBXBuildFile; fileRef = 262F961E19CD33CA0000D886 /* AppDelegate.m */; };
		262F962219CD33CA0000D886 /* ViewController.m in Sources */ = {isa = PBXBuildFile; fileRef = 262F962119CD33CA0000D886 /* ViewController.m */; };
		262F962519CD33CA0000D886 /* Main.storyboard in Resources */ = {isa = PBXBuildFile; fileRef = 262F962319CD33CA0000D886 /* Main.storyboard */; };
		262F962719CD33CA0000D886 /* Images.xcassets in Resources */ = {isa = PBXBuildFile; fileRef = 262F962619CD33CA0000D886 /* Images.xcassets */; };
		262F962A19CD33CA0000D886 /* LaunchScreen.xib in Resources */ = {isa = PBXBuildFile; fileRef = 262F962819CD33CA0000D886 /* LaunchScreen.xib */; };
		262F963619CD33CA0000D886 /* SimplyChatTests.m in Sources */ = {isa = PBXBuildFile; fileRef = 262F963519CD33CA0000D886 /* SimplyChatTests.m */; };
/* End PBXBuildFile section */

/* Begin PBXContainerItemProxy section */
		262F963019CD33CA0000D886 /* PBXContainerItemProxy */ = {
			isa = PBXContainerItemProxy;
			containerPortal = 262F960E19CD33CA0000D886 /* Project object */;
			proxyType = 1;
			remoteGlobalIDString = 262F961519CD33CA0000D886;
			remoteInfo = SimplyChat;
		};
/* End PBXContainerItemProxy section */

/* Begin PBXFileReference section */
		262F961619CD33CA0000D886 /* SimplyChat.app */ = {isa = PBXFileReference; explicitFileType = wrapper.application; includeInIndex = 0; path = SimplyChat.app; sourceTree = BUILT_PRODUCTS_DIR; };
		262F961A19CD33CA0000D886 /* Info.plist */ = {isa = PBXFileReference; lastKnownFileType = text.plist.xml; path = Info.plist; sourceTree = "<group>"; };
		262F961B19CD33CA0000D886 /* main.m */ = {isa = PBXFileReference; lastKnownFileType = sourcecode.c.objc; path = main.m; sourceTree = "<group>"; };
		262F961D19CD33CA0000D886 /* AppDelegate.h */ = {isa = PBXFileReference; lastKnownFileType = sourcecode.c.h; path = AppDelegate.h; sourceTree = "<group>"; };
		262F961E19CD33CA0000D886 /* AppDelegate.m */ = {isa = PBXFileReference; lastKnownFileType = sourcecode.c.objc; path = AppDelegate.m; sourceTree = "<group>"; };
		262F962019CD33CA0000D886 /* ViewController.h */ = {isa = PBXFileReference; lastKnownFileType = sourcecode.c.h; path = ViewController.h; sourceTree = "<group>"; };
		262F962119CD33CA0000D886 /* ViewController.m */ = {isa = PBXFileReference; lastKnownFileType = sourcecode.c.objc; path = ViewController.m; sourceTree = "<group>"; };
		262F962419CD33CA0000D886 /* Base */ = {isa = PBXFileReference; lastKnownFileType = file.storyboard; name = Base; path = Base.lproj/Main.storyboard; sourceTree = "<group>"; };
		262F962619CD33CA0000D886 /* Images.xcassets */ = {isa = PBXFileReference; lastKnownFileType = folder.assetcatalog; path = Images.xcassets; sourceTree = "<group>"; };
		262F962919CD33CA0000D886 /* Base */ = {isa = PBXFileReference; lastKnownFileType = file.xib; name = Base; path = Base.lproj/LaunchScreen.xib; sourceTree = "<group>"; };
		262F962F19CD33CA0000D886 /* SimplyChatTests.xctest */ = {isa = PBXFileReference; explicitFileType = wrapper.cfbundle; includeInIndex = 0; path = SimplyChatTests.xctest; sourceTree = BUILT_PRODUCTS_DIR; };
		262F963419CD33CA0000D886 /* Info.plist */ = {isa = PBXFileReference; lastKnownFileType = text.plist.xml; path = Info.plist; sourceTree = "<group>"; };
		262F963519CD33CA0000D886 /* SimplyChatTests.m */ = {isa = PBXFileReference; lastKnownFileType = sourcecode.c.objc; path = SimplyChatTests.m; sourceTree = "<group>"; };
/* End PBXFileReference section */

/* Begin PBXFrameworksBuildPhase section */
		262F961319CD33CA0000D886 /* Frameworks */ = {
			isa = PBXFrameworksBuildPhase;
			buildActionMask = 2147483647;
			files = (
			);
			runOnlyForDeploymentPostprocessing = 0;
		};
		262F962C19CD33CA0000D886 /* Frameworks */ = {
			isa = PBXFrameworksBuildPhase;
			buildActionMask = 2147483647;
			files = (
			);
			runOnlyForDeploymentPostprocessing = 0;
		};
/* End PBXFrameworksBuildPhase section */

/* Begin PBXGroup section */
		262F960D19CD33CA0000D886 = {
			isa = PBXGroup;
			children = (
				262F961819CD33CA0000D886 /* SimplyChat */,
				262F963219CD33CA0000D886 /* SimplyChatTests */,
				262F961719CD33CA0000D886 /* Products */,
			);
			sourceTree = "<group>";
		};
		262F961719CD33CA0000D886 /* Products */ = {
			isa = PBXGroup;
			children = (
				262F961619CD33CA0000D886 /* SimplyChat.app */,
				262F962F19CD33CA0000D886 /* SimplyChatTests.xctest */,
			);
			name = Products;
			sourceTree = "<group>";
		};
		262F961819CD33CA0000D886 /* SimplyChat */ = {
			isa = PBXGroup;
			children = (
				262F961D19CD33CA0000D886 /* AppDelegate.h */,
				262F961E19CD33CA0000D886 /* AppDelegate.m */,
				262F962019CD33CA0000D886 /* ViewController.h */,
				262F962119CD33CA0000D886 /* ViewController.m */,
				262F962319CD33CA0000D886 /* Main.storyboard */,
				262F962619CD33CA0000D886 /* Images.xcassets */,
				262F962819CD33CA0000D886 /* LaunchScreen.xib */,
				262F961919CD33CA0000D886 /* Supporting Files */,
			);
			path = SimplyChat;
			sourceTree = "<group>";
		};
		262F961919CD33CA0000D886 /* Supporting Files */ = {
			isa = PBXGroup;
			children = (
				262F961A19CD33CA0000D886 /* Info.plist */,
				262F961B19CD33CA0000D886 /* main.m */,
			);
			name = "Supporting Files";
			sourceTree = "<group>";
		};
		262F963219CD33CA0000D886 /* SimplyChatTests */ = {
			isa = PBXGroup;
			children = (
				262F963519CD33CA0000D886 /* SimplyChatTests.m */,
				262F963319CD33CA0000D886 /* Supporting Files */,
			);
			path = SimplyChatTests;
			sourceTree = "<group>";
		};
		262F963319CD33CA0000D886 /* Supporting Files */ = {
			isa = PBXGroup;
			children = (
				262F963419CD33CA0000D886 /* Info.plist */,
			);
			name = "Supporting Files";
			sourceTree = "<group>";
		};
/* End PBXGroup section */

/* Begin PBXNativeTarget section */
		262F961519CD33CA0000D886 /* SimplyChat */ = {
			isa = PBXNativeTarget;
			buildConfigurationList = 262F963919CD33CA0000D886 /* Build configuration list for PBXNativeTarget "SimplyChat" */;
			buildPhases = (
				262F961219CD33CA0000D886 /* Sources */,
				262F961319CD33CA0000D886 /* Frameworks */,
				262F961419CD33CA0000D886 /* Resources */,
			);
			buildRules = (
			);
			dependencies = (
			);
			name = SimplyChat;
			productName = SimplyChat;
			productReference = 262F961619CD33CA0000D886 /* SimplyChat.app */;
			productType = "com.apple.product-type.application";
		};
		262F962E19CD33CA0000D886 /* SimplyChatTests */ = {
			isa = PBXNativeTarget;
			buildConfigurationList = 262F963C19CD33CA0000D886 /* Build configuration list for PBXNativeTarget "SimplyChatTests" */;
			buildPhases = (
				262F962B19CD33CA0000D886 /* Sources */,
				262F962C19CD33CA0000D886 /* Frameworks */,
				262F962D19CD33CA0000D886 /* Resources */,
			);
			buildRules = (
			);
			dependencies = (
				262F963119CD33CA0000D886 /* PBXTargetDependency */,
			);
			name = SimplyChatTests;
			productName = SimplyChatTests;
			productReference = 262F962F19CD33CA0000D886 /* SimplyChatTests.xctest */;
			productType = "com.apple.product-type.bundle.unit-test";
		};
/* End PBXNativeTarget section */

/* Begin PBXProject section */
		262F960E19CD33CA0000D886 /* Project object */ = {
			isa = PBXProject;
			attributes = {
				LastUpgradeCheck = 0600;
				ORGANIZATIONNAME = "Gabriel Barsky";
				TargetAttributes = {
					262F961519CD33CA0000D886 = {
						CreatedOnToolsVersion = 6.0.1;
					};
					262F962E19CD33CA0000D886 = {
						CreatedOnToolsVersion = 6.0.1;
						TestTargetID = 262F961519CD33CA0000D886;
					};
				};
			};
			buildConfigurationList = 262F961119CD33CA0000D886 /* Build configuration list for PBXProject "SimplyChat" */;
			compatibilityVersion = "Xcode 3.2";
			developmentRegion = English;
			hasScannedForEncodings = 0;
			knownRegions = (
				en,
				Base,
			);
			mainGroup = 262F960D19CD33CA0000D886;
			productRefGroup = 262F961719CD33CA0000D886 /* Products */;
			projectDirPath = "";
			projectRoot = "";
			targets = (
				262F961519CD33CA0000D886 /* SimplyChat */,
				262F962E19CD33CA0000D886 /* SimplyChatTests */,
			);
		};
/* End PBXProject section */

/* Begin PBXResourcesBuildPhase section */
		262F961419CD33CA0000D886 /* Resources */ = {
			isa = PBXResourcesBuildPhase;
			buildActionMask = 2147483647;
			files = (
				262F962519CD33CA0000D886 /* Main.storyboard in Resources */,
				262F962A19CD33CA0000D886 /* LaunchScreen.xib in Resources */,
				262F962719CD33CA0000D886 /* Images.xcassets in Resources */,
			);
			runOnlyForDeploymentPostprocessing = 0;
		};
		262F962D19CD33CA0000D886 /* Resources */ = {
			isa = PBXResourcesBuildPhase;
			buildActionMask = 2147483647;
			files = (
			);
			runOnlyForDeploymentPostprocessing = 0;
		};
/* End PBXResourcesBuildPhase section */

/* Begin PBXSourcesBuildPhase section */
		262F961219CD33CA0000D886 /* Sources */ = {
			isa = PBXSourcesBuildPhase;
			buildActionMask = 2147483647;
			files = (
				262F962219CD33CA0000D886 /* ViewController.m in Sources */,
				262F961F19CD33CA0000D886 /* AppDelegate.m in Sources */,
				262F961C19CD33CA0000D886 /* main.m in Sources */,
			);
			runOnlyForDeploymentPostprocessing = 0;
		};
		262F962B19CD33CA0000D886 /* Sources */ = {
			isa = PBXSourcesBuildPhase;
			buildActionMask = 2147483647;
			files = (
				262F963619CD33CA0000D886 /* SimplyChatTests.m in Sources */,
			);
			runOnlyForDeploymentPostprocessing = 0;
		};
/* End PBXSourcesBuildPhase section */

/* Begin PBXTargetDependency section */
		262F963119CD33CA0000D886 /* PBXTargetDependency */ = {
			isa = PBXTargetDependency;
			target = 262F961519CD33CA0000D886 /* SimplyChat */;
			targetProxy = 262F963019CD33CA0000D886 /* PBXContainerItemProxy */;
		};
/* End PBXTargetDependency section */

/* Begin PBXVariantGroup section */
		262F962319CD33CA0000D886 /* Main.storyboard */ = {
			isa = PBXVariantGroup;
			children = (
				262F962419CD33CA0000D886 /* Base */,
			);
			name = Main.storyboard;
			sourceTree = "<group>";
		};
		262F962819CD33CA0000D886 /* LaunchScreen.xib */ = {
			isa = PBXVariantGroup;
			children = (
				262F962919CD33CA0000D886 /* Base */,
			);
			name = LaunchScreen.xib;
			sourceTree = "<group>";
		};
/* End PBXVariantGroup section */

/* Begin XCBuildConfiguration section */
		262F963719CD33CA0000D886 /* Debug */ = {
			isa = XCBuildConfiguration;
			buildSettings = {
				ALWAYS_SEARCH_USER_PATHS = NO;
				CLANG_CXX_LANGUAGE_STANDARD = "gnu++0x";
				CLANG_CXX_LIBRARY = "libc++";
				CLANG_ENABLE_MODULES = YES;
				CLANG_ENABLE_OBJC_ARC = YES;
				CLANG_WARN_BOOL_CONVERSION = YES;
				CLANG_WARN_CONSTANT_CONVERSION = YES;
				CLANG_WARN_DIRECT_OBJC_ISA_USAGE = YES_ERROR;
				CLANG_WARN_EMPTY_BODY = YES;
				CLANG_WARN_ENUM_CONVERSION = YES;
				CLANG_WARN_INT_CONVERSION = YES;
				CLANG_WARN_OBJC_ROOT_CLASS = YES_ERROR;
				CLANG_WARN_UNREACHABLE_CODE = YES;
				CLANG_WARN__DUPLICATE_METHOD_MATCH = YES;
				"CODE_SIGN_IDENTITY[sdk=iphoneos*]" = "iPhone Developer";
				COPY_PHASE_STRIP = NO;
				ENABLE_STRICT_OBJC_MSGSEND = YES;
				GCC_C_LANGUAGE_STANDARD = gnu99;
				GCC_DYNAMIC_NO_PIC = NO;
				GCC_OPTIMIZATION_LEVEL = 0;
				GCC_PREPROCESSOR_DEFINITIONS = (
					"DEBUG=1",
					"$(inherited)",
				);
				GCC_SYMBOLS_PRIVATE_EXTERN = NO;
				GCC_WARN_64_TO_32_BIT_CONVERSION = YES;
				GCC_WARN_ABOUT_RETURN_TYPE = YES_ERROR;
				GCC_WARN_UNDECLARED_SELECTOR = YES;
				GCC_WARN_UNINITIALIZED_AUTOS = YES_AGGRESSIVE;
				GCC_WARN_UNUSED_FUNCTION = YES;
				GCC_WARN_UNUSED_VARIABLE = YES;
				IPHONEOS_DEPLOYMENT_TARGET = 8.0;
				MTL_ENABLE_DEBUG_INFO = YES;
				ONLY_ACTIVE_ARCH = YES;
				SDKROOT = iphoneos;
				TARGETED_DEVICE_FAMILY = "1,2";
			};
			name = Debug;
		};
		262F963819CD33CA0000D886 /* Release */ = {
			isa = XCBuildConfiguration;
			buildSettings = {
				ALWAYS_SEARCH_USER_PATHS = NO;
				CLANG_CXX_LANGUAGE_STANDARD = "gnu++0x";
				CLANG_CXX_LIBRARY = "libc++";
				CLANG_ENABLE_MODULES = YES;
				CLANG_ENABLE_OBJC_ARC = YES;
				CLANG_WARN_BOOL_CONVERSION = YES;
				CLANG_WARN_CONSTANT_CONVERSION = YES;
				CLANG_WARN_DIRECT_OBJC_ISA_USAGE = YES_ERROR;
				CLANG_WARN_EMPTY_BODY = YES;
				CLANG_WARN_ENUM_CONVERSION = YES;
				CLANG_WARN_INT_CONVERSION = YES;
				CLANG_WARN_OBJC_ROOT_CLASS = YES_ERROR;
				CLANG_WARN_UNREACHABLE_CODE = YES;
				CLANG_WARN__DUPLICATE_METHOD_MATCH = YES;
				"CODE_SIGN_IDENTITY[sdk=iphoneos*]" = "iPhone Developer";
				COPY_PHASE_STRIP = YES;
				ENABLE_NS_ASSERTIONS = NO;
				ENABLE_STRICT_OBJC_MSGSEND = YES;
				GCC_C_LANGUAGE_STANDARD = gnu99;
				GCC_WARN_64_TO_32_BIT_CONVERSION = YES;
				GCC_WARN_ABOUT_RETURN_TYPE = YES_ERROR;
				GCC_WARN_UNDECLARED_SELECTOR = YES;
				GCC_WARN_UNINITIALIZED_AUTOS = YES_AGGRESSIVE;
				GCC_WARN_UNUSED_FUNCTION = YES;
				GCC_WARN_UNUSED_VARIABLE = YES;
				IPHONEOS_DEPLOYMENT_TARGET = 8.0;
				MTL_ENABLE_DEBUG_INFO = NO;
				SDKROOT = iphoneos;
				TARGETED_DEVICE_FAMILY = "1,2";
				VALIDATE_PRODUCT = YES;
			};
			name = Release;
		};
		262F963A19CD33CA0000D886 /* Debug */ = {
			isa = XCBuildConfiguration;
			buildSettings = {
				ASSETCATALOG_COMPILER_APPICON_NAME = AppIcon;
				INFOPLIST_FILE = SimplyChat/Info.plist;
				LD_RUNPATH_SEARCH_PATHS = "$(inherited) @executable_path/Frameworks";
				PRODUCT_NAME = "$(TARGET_NAME)";
			};
			name = Debug;
		};
		262F963B19CD33CA0000D886 /* Release */ = {
			isa = XCBuildConfiguration;
			buildSettings = {
				ASSETCATALOG_COMPILER_APPICON_NAME = AppIcon;
				INFOPLIST_FILE = SimplyChat/Info.plist;
				LD_RUNPATH_SEARCH_PATHS = "$(inherited) @executable_path/Frameworks";
				PRODUCT_NAME = "$(TARGET_NAME)";
			};
			name = Release;
		};
		262F963D19CD33CA0000D886 /* Debug */ = {
			isa = XCBuildConfiguration;
			buildSettings = {
				BUNDLE_LOADER = "$(TEST_HOST)";
				FRAMEWORK_SEARCH_PATHS = (
					"$(SDKROOT)/Developer/Library/Frameworks",
					"$(inherited)",
				);
				GCC_PREPROCESSOR_DEFINITIONS = (
					"DEBUG=1",
					"$(inherited)",
				);
				INFOPLIST_FILE = SimplyChatTests/Info.plist;
				LD_RUNPATH_SEARCH_PATHS = "$(inherited) @executable_path/Frameworks @loader_path/Frameworks";
				PRODUCT_NAME = "$(TARGET_NAME)";
				TEST_HOST = "$(BUILT_PRODUCTS_DIR)/SimplyChat.app/SimplyChat";
			};
			name = Debug;
		};
		262F963E19CD33CA0000D886 /* Release */ = {
			isa = XCBuildConfiguration;
			buildSettings = {
				BUNDLE_LOADER = "$(TEST_HOST)";
				FRAMEWORK_SEARCH_PATHS = (
					"$(SDKROOT)/Developer/Library/Frameworks",
					"$(inherited)",
				);
				INFOPLIST_FILE = SimplyChatTests/Info.plist;
				LD_RUNPATH_SEARCH_PATHS = "$(inherited) @executable_path/Frameworks @loader_path/Frameworks";
				PRODUCT_NAME = "$(TARGET_NAME)";
				TEST_HOST = "$(BUILT_PRODUCTS_DIR)/SimplyChat.app/SimplyChat";
			};
			name = Release;
		};
/* End XCBuildConfiguration section */

/* Begin XCConfigurationList section */
		262F961119CD33CA0000D886 /* Build configuration list for PBXProject "SimplyChat" */ = {
			isa = XCConfigurationList;
			buildConfigurations = (
				262F963719CD33CA0000D886 /* Debug */,
				262F963819CD33CA0000D886 /* Release */,
			);
			defaultConfigurationIsVisible = 0;
			defaultConfigurationName = Release;
		};
		262F963919CD33CA0000D886 /* Build configuration list for PBXNativeTarget "SimplyChat" */ = {
			isa = XCConfigurationList;
			buildConfigurations = (
				262F963A19CD33CA0000D886 /* Debug */,
				262F963B19CD33CA0000D886 /* Release */,
			);
			defaultConfigurationIsVisible = 0;
		};
		262F963C19CD33CA0000D886 /* Build configuration list for PBXNativeTarget "SimplyChatTests" */ = {
			isa = XCConfigurationList;
			buildConfigurations = (
				262F963D19CD33CA0000D886 /* Debug */,
				262F963E19CD33CA0000D886 /* Release */,
			);
			defaultConfigurationIsVisible = 0;
		};
/* End XCConfigurationList section */
	};
	rootObject = 262F960E19CD33CA0000D886 /* Project object */;
}
